<?xml version="1.0" encoding="utf-8"?>
<Project ToolsVersion="4.0" xmlns="http://schemas.microsoft.com/developer/msbuild/2003">
  <ItemGroup>
    <Filter Include="UnderDog">
      <UniqueIdentifier>{9D50BCF1-891D-17FD-B236-05A59E624C8B}</UniqueIdentifier>
    </Filter>
  </ItemGroup>
  <ItemGroup>
    <ClInclude Include="src\UnderDog.h" />
    <ClInclude Include="src\UnderDog\Application.h">
      <Filter>UnderDog</Filter>
    </ClInclude>
    <ClInclude Include="src\UnderDog\Core.h">
      <Filter>UnderDog</Filter>
    </ClInclude>
    <ClInclude Include="src\UnderDog\EntryPoint.h">
      <Filter>UnderDog</Filter>
    </ClInclude>
    <ClInclude Include="src\UnderDog\Log.h">
      <Filter>UnderDog</Filter>
    </ClInclude>
  </ItemGroup>
  <ItemGroup>
    <ClCompile Include="src\UnderDog\Application.cpp">
      <Filter>UnderDog</Filter>
    </ClCompile>
    <ClCompile Include="src\UnderDog\Log.cpp">
      <Filter>UnderDog</Filter>
    </ClCompile>
  </ItemGroup>
</Project>